# This file is automatically @generated by Poetry 1.6.0 and should not be changed by hand.

[[package]]
name = "adafruit-blinka"
version = "8.20.1"
description = "CircuitPython APIs for non-CircuitPython versions of Python such as CPython on Linux and MicroPython."
optional = false
python-versions = ">=3.7.0"
files = [
    {file = "Adafruit_Blinka-8.20.1-py3-none-any.whl", hash = "sha256:d42a2ef057af554bd9815e6ea756699178f0ce0734ae29d1946cc329b78ebd1c"},
]

[package.dependencies]
adafruit-circuitpython-typing = "*"
Adafruit-PlatformDetect = ">=3.13.0"
Adafruit-PureIO = ">=1.1.7"
pyftdi = ">=0.40.0"
"RPi.GPIO" = "*"
rpi-ws281x = ">=4.0.0"
sysv-ipc = ">=1.1.0"

[package.source]
type = "legacy"
url = "https://www.piwheels.org/simple"
reference = "piwheels"

[[package]]
name = "adafruit-circuitpython-aw9523"
version = "1.1.7"
description = "Python library for AW9523 GPIO expander and LED driver"
optional = false
python-versions = "*"
files = [
    {file = "adafruit_circuitpython_aw9523-1.1.7-py3-none-any.whl", hash = "sha256:20c6ced5e0b17e1d3843c31a115c7e830cad7ca074db502abc8cf42dde2c9446"},
]

[package.dependencies]
Adafruit-Blinka = "*"
adafruit-circuitpython-busdevice = "*"
adafruit-circuitpython-register = "*"

[package.source]
type = "legacy"
url = "https://www.piwheels.org/simple"
reference = "piwheels"

[[package]]
name = "adafruit-circuitpython-busdevice"
version = "5.2.6"
description = "CircuitPython bus device classes to manage bus sharing."
optional = false
python-versions = "*"
files = [
    {file = "adafruit_circuitpython_busdevice-5.2.6-py3-none-any.whl", hash = "sha256:b6eed0dd8444c3812a26dc34590d83449c9617454618d55417bae0069cf383b3"},
]

[package.dependencies]
Adafruit-Blinka = ">=7.0.0"
adafruit-circuitpython-typing = "*"

[package.source]
type = "legacy"
url = "https://www.piwheels.org/simple"
reference = "piwheels"

[[package]]
name = "adafruit-circuitpython-register"
version = "1.9.16"
description = "CircuitPython data descriptor classes to represent hardware registers on I2C and SPI devices."
optional = false
python-versions = "*"
files = [
    {file = "adafruit_circuitpython_register-1.9.16-py3-none-any.whl", hash = "sha256:f6addcd9eb049dfa51a970997c3271fe9a7eae2e91ca01f88b2e26760cc73e58"},
]

[package.dependencies]
Adafruit-Blinka = "*"
adafruit-circuitpython-busdevice = "*"
adafruit-circuitpython-typing = ">=1.3.1,<2.dev0"
typing-extensions = ">=4.0,<5.0"

[package.source]
type = "legacy"
url = "https://www.piwheels.org/simple"
reference = "piwheels"

[[package]]
name = "adafruit-circuitpython-requests"
version = "2.0.1"
description = "A requests-like library for web interfacing"
optional = false
python-versions = "*"
files = [
    {file = "adafruit_circuitpython_requests-2.0.1-py3-none-any.whl", hash = "sha256:67f56945d76aa9d45fcffba1c8afe9b2ba163088ff26cc7a1ddf4ee6ae90154b"},
]

[package.dependencies]
Adafruit-Blinka = "*"

[package.source]
type = "legacy"
url = "https://www.piwheels.org/simple"
reference = "piwheels"

[[package]]
name = "adafruit-circuitpython-rgb-display"
version = "3.12.0"
description = "CircuitPython library for RGB displays."
optional = false
python-versions = "*"
files = [
    {file = "adafruit_circuitpython_rgb_display-3.12.0-py3-none-any.whl", hash = "sha256:e31268f3e8cfa7fe3eb7ff15d0895199d3319e395f79c51165d059f65da7fd9e"},
]

[package.dependencies]
Adafruit-Blinka = "*"
adafruit-circuitpython-busdevice = "*"

[package.source]
type = "legacy"
url = "https://www.piwheels.org/simple"
reference = "piwheels"

[[package]]
name = "adafruit-circuitpython-typing"
version = "1.9.4"
description = "Types needed for type annotation that are not in `typing`"
optional = false
python-versions = "*"
files = [
    {file = "adafruit_circuitpython_typing-1.9.4-py3-none-any.whl", hash = "sha256:6bf5e287130e8b9b838afdf7fe1ee3e309558cea22737c6dd55113aeaaa88ec0"},
]

[package.dependencies]
Adafruit-Blinka = "*"
adafruit-circuitpython-busdevice = "*"
adafruit-circuitpython-requests = "*"
typing-extensions = ">=4.0,<5.0"

[package.source]
type = "legacy"
url = "https://www.piwheels.org/simple"
reference = "piwheels"

[[package]]
name = "adafruit-platformdetect"
version = "3.49.0"
description = "Platform detection for use by libraries like Adafruit-Blinka."
optional = false
python-versions = "*"
files = [
    {file = "Adafruit_PlatformDetect-3.49.0-py3-none-any.whl", hash = "sha256:00cc045c656e5858b381b44f51fba9cb480394eef13aef81037664575e70db8a"},
]

[package.source]
type = "legacy"
url = "https://www.piwheels.org/simple"
reference = "piwheels"

[[package]]
name = "adafruit-pureio"
version = "1.1.11"
description = "Pure python (i.e. no native extensions) access to Linux IO    including I2C and SPI. Drop in replacement for smbus and spidev modules."
optional = false
python-versions = ">=3.5.0"
files = [
    {file = "Adafruit_PureIO-1.1.11-py3-none-any.whl", hash = "sha256:665f23279bc216de92a00f34833650e2f49c9acc913fc3ca91195b94d172ed0f"},
]

[package.source]
type = "legacy"
url = "https://www.piwheels.org/simple"
reference = "piwheels"

[[package]]
name = "certifi"
version = "2023.7.22"
description = "Python package for providing Mozilla's CA Bundle."
optional = false
python-versions = ">=3.6"
files = [
    {file = "certifi-2023.7.22-py3-none-any.whl", hash = "sha256:4e4d84b05d4572339352afe85f0490367f5b8572b7f8d3f2373dffd642210f2d"},
]

[package.source]
type = "legacy"
url = "https://www.piwheels.org/simple"
reference = "piwheels"

[[package]]
name = "charset-normalizer"
version = "3.2.0"
description = "The Real First Universal Charset Detector. Open, modern and actively maintained alternative to Chardet."
optional = false
python-versions = ">=3.7.0"
files = [
    {file = "charset_normalizer-3.2.0-py3-none-any.whl", hash = "sha256:961de80416b72ef32233a659535db45951dd86adf037ace0796a74fd8ad4ffde"},
]

[package.source]
type = "legacy"
url = "https://www.piwheels.org/simple"
reference = "piwheels"

[[package]]
name = "cython"
version = "3.0.1"
description = "The Cython compiler for writing C extensions in the Python language."
optional = false
python-versions = ">=2.7, !=3.0.*, !=3.1.*, !=3.2.*, !=3.3.*"
files = [
    {file = "Cython-3.0.1-cp310-cp310-macosx_10_9_x86_64.whl", hash = "sha256:119786513aad3bd8e483040d3757f11cec808e3f9d42c965c086db7fe62b69b1"},
    {file = "Cython-3.0.1-cp310-cp310-manylinux_2_17_aarch64.manylinux2014_aarch64.whl", hash = "sha256:e5481c4ee02fd178e3ef1b2d98b0a828a79fda92998d9541088a00f70d83f9a7"},
    {file = "Cython-3.0.1-cp310-cp310-manylinux_2_17_x86_64.manylinux2014_x86_64.whl", hash = "sha256:08dc403e6fc2b105b83759c72980bc8d7b729b03dfe94c8345a5e999dfd07d15"},
    {file = "Cython-3.0.1-cp310-cp310-manylinux_2_5_i686.manylinux1_i686.manylinux_2_17_i686.manylinux2014_i686.whl", hash = "sha256:a1f7b8394cdf4d35a6d8129cdf3677642b9712793611850fbfb9cc7c4ef8d9cb"},
    {file = "Cython-3.0.1-cp310-cp310-musllinux_1_1_aarch64.whl", hash = "sha256:f8fde8dfec6a1fe5d9d035dbb740aacc1d7aea7f0dbcaa5ce61e9a8dea0c8888"},
    {file = "Cython-3.0.1-cp310-cp310-musllinux_1_1_x86_64.whl", hash = "sha256:f663c9206475675d5f1c086dcab0404bc7a732241f951a9c89258392601c26f8"},
    {file = "Cython-3.0.1-cp310-cp310-win32.whl", hash = "sha256:b57d5bda3cf15e59ab46fb541d448f1b52c0d8fe8bbed7baec613537e41161eb"},
    {file = "Cython-3.0.1-cp310-cp310-win_amd64.whl", hash = "sha256:02e2cdaff5795875aa4441068c20a04edb727a145dd45518926f7ae692ec0061"},
    {file = "Cython-3.0.1-cp311-cp311-macosx_10_9_x86_64.whl", hash = "sha256:5e544e91efa287de31014550aa6e8525507ea6d5727c36ff5f96e9dcf9c40133"},
    {file = "Cython-3.0.1-cp311-cp311-manylinux_2_17_aarch64.manylinux2014_aarch64.whl", hash = "sha256:182ae584dbaa6fd73161a6f8cc7d350eeefc43c091cabc2b70fa1a802a7ef729"},
    {file = "Cython-3.0.1-cp311-cp311-manylinux_2_17_x86_64.manylinux2014_x86_64.whl", hash = "sha256:05dba6b214a12aa66421d810d24d0298ff37cb6036d00d4e851b61a54948540c"},
    {file = "Cython-3.0.1-cp311-cp311-manylinux_2_5_i686.manylinux1_i686.manylinux_2_17_i686.manylinux2014_i686.whl", hash = "sha256:35c28fc53745e7ebabb54d13d6cd3d3659f65ef50d324dadd9146212adb236cc"},
    {file = "Cython-3.0.1-cp311-cp311-musllinux_1_1_aarch64.whl", hash = "sha256:6d9dbcecd61f4f22ae6a035628e803490af7f0e16fd91e97fec63face61873a5"},
    {file = "Cython-3.0.1-cp311-cp311-musllinux_1_1_x86_64.whl", hash = "sha256:4acd382eb6d8cd34df421c42f1bfc8c7c0c38cd213fa35222a65a2a988fe50da"},
    {file = "Cython-3.0.1-cp311-cp311-win32.whl", hash = "sha256:c43adbc5a3a1d678314734f69dba3eb4f24438ba668e08a438b8067ac5a6494e"},
    {file = "Cython-3.0.1-cp311-cp311-win_amd64.whl", hash = "sha256:35701606862989d5db641cf8cb85f62eaab9beaafb09a102839aebe5a70a1060"},
    {file = "Cython-3.0.1-cp312-cp312-macosx_10_9_x86_64.whl", hash = "sha256:9dbdb0019304ec84c7209a967043fc4923ed2d911a37ed695c3d1548c99b1285"},
    {file = "Cython-3.0.1-cp312-cp312-manylinux_2_17_aarch64.manylinux2014_aarch64.whl", hash = "sha256:92f0dda50c11770673c332603b52ce0cb4abf32f2562e53dbdc4b674b6be7faa"},
    {file = "Cython-3.0.1-cp312-cp312-manylinux_2_17_x86_64.manylinux2014_x86_64.whl", hash = "sha256:c6f7ead11cfb2d6c6dd7a1fd1987ce221c5c1061b47d747b0bb84b5704045cf9"},
    {file = "Cython-3.0.1-cp312-cp312-manylinux_2_5_i686.manylinux1_i686.manylinux_2_17_i686.manylinux2014_i686.whl", hash = "sha256:5936dd43207a3f0269d033463195e201072b9b594c9693ff142985c0c33cd2d2"},
    {file = "Cython-3.0.1-cp312-cp312-musllinux_1_1_aarch64.whl", hash = "sha256:768044473afd9fca3ba65d92deb80f16aa10d2776c9c2a8f667dbb480a58c528"},
    {file = "Cython-3.0.1-cp312-cp312-musllinux_1_1_x86_64.whl", hash = "sha256:79f3ea7233e8a8856e57acdb7a30e8548009732649ffabe94049b35e2e5d7b8a"},
    {file = "Cython-3.0.1-cp312-cp312-win32.whl", hash = "sha256:b0917b84af48616124dfead2235b36c64c0d024c4d19cefa1a5da2f106a0854a"},
    {file = "Cython-3.0.1-cp312-cp312-win_amd64.whl", hash = "sha256:bde58bda00d4689eb51ad3129873b09c695a64d3b6b8573cbc450e177a87173a"},
    {file = "Cython-3.0.1-cp36-cp36m-macosx_10_9_x86_64.whl", hash = "sha256:e69223fb6b99addff8b6d8a3e9f5ae044438bbf48dc08a3495eb99b13e62273c"},
    {file = "Cython-3.0.1-cp36-cp36m-manylinux_2_17_aarch64.manylinux2014_aarch64.whl", hash = "sha256:6a51fa13b5fcace8389888542b7bf63728898a9fefcb471cbf9f7736ce057d8a"},
    {file = "Cython-3.0.1-cp36-cp36m-manylinux_2_17_x86_64.manylinux2014_x86_64.whl", hash = "sha256:3194c330dc4c07c01f7d802868960ff053ef5c026aea17e03b025e307c9d94fe"},
    {file = "Cython-3.0.1-cp36-cp36m-manylinux_2_5_i686.manylinux1_i686.manylinux_2_17_i686.manylinux2014_i686.whl", hash = "sha256:49f13d342a810947685759597013e1e4fdc9875d74372fa6121cb190913100d4"},
    {file = "Cython-3.0.1-cp36-cp36m-musllinux_1_1_aarch64.whl", hash = "sha256:d9a510157a454bec22752713465d1698098b99351bc41be8938f3d526286aa6f"},
    {file = "Cython-3.0.1-cp36-cp36m-musllinux_1_1_x86_64.whl", hash = "sha256:6bfdce6a65b8587ed992af912107d9cf047ed14bfdddcba6bd7917feb93cb441"},
    {file = "Cython-3.0.1-cp36-cp36m-win32.whl", hash = "sha256:b76e3237b7c6e1cb53af2223c20f5b51ea1cc40d77966eb121187825657fb9cf"},
    {file = "Cython-3.0.1-cp36-cp36m-win_amd64.whl", hash = "sha256:db53e83bc793538ed00e8fe04d2a2469c8f18f636f3e9b26564b51d6b384015c"},
    {file = "Cython-3.0.1-cp37-cp37m-macosx_10_9_x86_64.whl", hash = "sha256:e7d42293809ff45d7743fb81bda64ecdb24a269d5bfcbd22cf74f2b8d112039f"},
    {file = "Cython-3.0.1-cp37-cp37m-manylinux_2_17_aarch64.manylinux2014_aarch64.whl", hash = "sha256:a8f0f4fc248e742d6a17fdbb646fff21d99e21b7ce5180f00dcf8a9588fbfb73"},
    {file = "Cython-3.0.1-cp37-cp37m-manylinux_2_17_x86_64.manylinux2014_x86_64.whl", hash = "sha256:9e88759313bffc67616ee10ff142a395b19a48789a5e20880e8fc8fd3208ab37"},
    {file = "Cython-3.0.1-cp37-cp37m-manylinux_2_5_i686.manylinux1_i686.manylinux_2_17_i686.manylinux2014_i686.whl", hash = "sha256:da7f41b170a70b5c0172795a487c7301b43c136918b23724aec8d1388cee668f"},
    {file = "Cython-3.0.1-cp37-cp37m-musllinux_1_1_aarch64.whl", hash = "sha256:db6a823a86a10532934f83b6445f07634b2ad872fe52577ab0861a0f074e3036"},
    {file = "Cython-3.0.1-cp37-cp37m-musllinux_1_1_x86_64.whl", hash = "sha256:d322561a852fa77b4b47668b12265f4a6ae7aed232aad2e3d52379e16c4e1ece"},
    {file = "Cython-3.0.1-cp37-cp37m-win32.whl", hash = "sha256:f02fcd11da42739a6fe3b5e1a3b21e644e10d02fb47757b1be239cabe3312d51"},
    {file = "Cython-3.0.1-cp37-cp37m-win_amd64.whl", hash = "sha256:e02c1c06d2b0138effead19c6c352ac1b99b2c431d97b6379ff4e17c9348bf61"},
    {file = "Cython-3.0.1-cp38-cp38-macosx_10_9_x86_64.whl", hash = "sha256:53883e5092eff175aea2811e987ae930723ee4657bd470f549b63c5fd738ada3"},
    {file = "Cython-3.0.1-cp38-cp38-manylinux_2_17_aarch64.manylinux2014_aarch64.whl", hash = "sha256:402b05a42a516a53912d980de644fdc30b6702e5f8ebf984276e162cac4a12c5"},
    {file = "Cython-3.0.1-cp38-cp38-manylinux_2_17_x86_64.manylinux2014_x86_64.whl", hash = "sha256:fba7d0d5978a5ddb5e3cd59ce2b5bfeace6cabdad8aa7b5f740028e8b3126b88"},
    {file = "Cython-3.0.1-cp38-cp38-manylinux_2_5_i686.manylinux1_i686.manylinux_2_17_i686.manylinux2014_i686.whl", hash = "sha256:346232ecb90ade8ff456361b58e9ca21cf672a4191e26ae498993975980a615b"},
    {file = "Cython-3.0.1-cp38-cp38-musllinux_1_1_aarch64.whl", hash = "sha256:d12ab154d8bf68eadea69ff24f1bc90d7a332b20da4d9a3a82e737f6fc06091a"},
    {file = "Cython-3.0.1-cp38-cp38-musllinux_1_1_x86_64.whl", hash = "sha256:cf6c8c05075b510d4f53127a8239c43a5f148e1ba1c479cb3e21e15112c533cf"},
    {file = "Cython-3.0.1-cp38-cp38-win32.whl", hash = "sha256:9a12ac8f9cc2e8ed191f7b18e8661cd64d7ff2299e4566abc8c03e03721ba6ca"},
    {file = "Cython-3.0.1-cp38-cp38-win_amd64.whl", hash = "sha256:dc65a9cdeb29b553bfcdc90499b672a75bc85ed7d4b212018e513463244f59ae"},
    {file = "Cython-3.0.1-cp39-cp39-macosx_10_9_x86_64.whl", hash = "sha256:934f236a1f002705f012b7ba7b068a092c0023a7b965d3139c8dc7e34f166dd1"},
    {file = "Cython-3.0.1-cp39-cp39-manylinux_2_17_aarch64.manylinux2014_aarch64.whl", hash = "sha256:c5ad08fed2444a0168dbfe0589cd711091adf38d19ea4421ebe92886bf4e0c22"},
    {file = "Cython-3.0.1-cp39-cp39-manylinux_2_17_x86_64.manylinux2014_x86_64.whl", hash = "sha256:ff571d41e2673678929ad1f5fee68e1757bd8e42c0082c3359138da56fc25263"},
    {file = "Cython-3.0.1-cp39-cp39-manylinux_2_5_i686.manylinux1_i686.manylinux_2_17_i686.manylinux2014_i686.whl", hash = "sha256:137ec3f7abda49f53621c8c7f427d93ad5ac33a5f4e112e04594c1aad0bd0613"},
    {file = "Cython-3.0.1-cp39-cp39-musllinux_1_1_aarch64.whl", hash = "sha256:fc1452139e1eb044b6e906a71c92e5580fec4deabe75cb440324d17b1163b038"},
    {file = "Cython-3.0.1-cp39-cp39-musllinux_1_1_x86_64.whl", hash = "sha256:720e72474c55d33c245e0280ecb4b604dd301ed3851c78cede932f2c3d074224"},
    {file = "Cython-3.0.1-cp39-cp39-win32.whl", hash = "sha256:d63f67696df2caeac5c57a12485ff4c7f377bead430c3654145b57bc105ba3c6"},
    {file = "Cython-3.0.1-cp39-cp39-win_amd64.whl", hash = "sha256:00f7378e1cd1c22076922489cb628ce63301c018231c67f1389cef803cc2b586"},
    {file = "Cython-3.0.1-py2.py3-none-any.whl", hash = "sha256:7894efe3b47231bfdf8be1a8a2852a2b07dd83cad16bbdf666591894198c82dd"},
    {file = "Cython-3.0.1.tar.gz", hash = "sha256:f3e49c4eaaa11345486ac0fa2b350636e44a4b45bd7521a6b133924c5ff20bba"},
]

[[package]]
name = "docutils"
version = "0.20.1"
description = "Docutils -- Python Documentation Utilities"
optional = false
python-versions = ">=3.7"
files = [
    {file = "docutils-0.20.1-py3-none-any.whl", hash = "sha256:b4216feb877baaad23967397b3f9719acd8d15e3d0a28aca52b253595e2bb98e"},
]

[package.source]
type = "legacy"
url = "https://www.piwheels.org/simple"
reference = "piwheels"

[[package]]
name = "idna"
version = "3.4"
description = "Internationalized Domain Names in Applications (IDNA)"
optional = false
python-versions = ">=3.5"
files = [
    {file = "idna-3.4-py3-none-any.whl", hash = "sha256:bcac1132a4eadea8321490704e2349b752e29c6ec2f1c27d372010e76ebd3fa1"},
]

[package.source]
type = "legacy"
url = "https://www.piwheels.org/simple"
reference = "piwheels"

[[package]]
name = "kivy"
version = "2.2.1"
description = "A software library for rapid development of hardware-accelerated multitouch applications."
optional = false
python-versions = ">=3.7"
files = [
    {file = "Kivy-2.2.1-cp37-cp37m-linux_armv6l.whl", hash = "sha256:f0312dc2b154f2730acaaac1fb9b60081dc55026b2c861fd1d9e34834b5d71ff"},
    {file = "Kivy-2.2.1-cp37-cp37m-linux_armv7l.whl", hash = "sha256:f0312dc2b154f2730acaaac1fb9b60081dc55026b2c861fd1d9e34834b5d71ff"},
    {file = "Kivy-2.2.1-cp39-cp39-linux_armv6l.whl", hash = "sha256:61e5dd7ea9d03a6ed8dcd735328049ca1ccb5d7ed5db8db6215b8106115e832a"},
    {file = "Kivy-2.2.1-cp39-cp39-linux_armv7l.whl", hash = "sha256:61e5dd7ea9d03a6ed8dcd735328049ca1ccb5d7ed5db8db6215b8106115e832a"},
]

[package.dependencies]
docutils = "*"
"kivy-deps.angle" = {version = ">=0.3.3,<0.4.0", markers = "sys_platform == \"win32\""}
"kivy-deps.glew" = {version = ">=0.3.1,<0.4.0", markers = "sys_platform == \"win32\""}
"kivy-deps.sdl2" = {version = ">=0.6.0,<0.7.0", markers = "sys_platform == \"win32\""}
Kivy-Garden = ">=0.1.4"
pygments = "*"
pypiwin32 = {version = "*", markers = "sys_platform == \"win32\""}

[package.extras]
angle = ["kivy-deps.angle (>=0.3.3,<0.4.0)"]
base = ["docutils", "kivy-deps.angle (>=0.3.3,<0.4.0)", "kivy-deps.glew (>=0.3.1,<0.4.0)", "kivy-deps.sdl2 (>=0.6.0,<0.7.0)", "pillow", "pygments", "pypiwin32", "requests"]
dev = ["flake8", "funcparserlib (==1.0.0a0)", "kivy-deps.glew-dev (>=0.3.1,<0.4.0)", "kivy-deps.gstreamer-dev (>=0.3.3,<0.4.0)", "kivy-deps.sdl2-dev (>=0.6.0,<0.7.0)", "pre-commit", "pyinstaller", "pytest (>=3.6)", "pytest-asyncio (!=0.11.0)", "pytest-benchmark", "pytest-cov", "pytest-timeout", "responses", "sphinx (<=6.2.1)", "sphinxcontrib-actdiag", "sphinxcontrib-blockdiag", "sphinxcontrib-jquery", "sphinxcontrib-nwdiag", "sphinxcontrib-seqdiag"]
full = ["docutils", "ffpyplayer", "kivy-deps.angle (>=0.3.3,<0.4.0)", "kivy-deps.glew (>=0.3.1,<0.4.0)", "kivy-deps.gstreamer (>=0.3.3,<0.4.0)", "kivy-deps.sdl2 (>=0.6.0,<0.7.0)", "pillow", "pygments", "pypiwin32"]
glew = ["kivy-deps.glew (>=0.3.1,<0.4.0)"]
gstreamer = ["kivy-deps.gstreamer (>=0.3.3,<0.4.0)"]
media = ["ffpyplayer", "kivy-deps.gstreamer (>=0.3.3,<0.4.0)"]
sdl2 = ["kivy-deps.sdl2 (>=0.6.0,<0.7.0)"]
tuio = ["oscpy"]

[package.source]
type = "legacy"
url = "https://www.piwheels.org/simple"
reference = "piwheels"

[[package]]
name = "kivy-deps-angle"
version = "0.3.3"
description = "Repackaged binary dependency of Kivy."
optional = false
python-versions = "*"
files = [
    {file = "kivy_deps.angle-0.3.3-cp310-cp310-win32.whl", hash = "sha256:8e571b2c662480a265420d6ded386df208d83272896daf616256672c5648e538"},
    {file = "kivy_deps.angle-0.3.3-cp310-cp310-win_amd64.whl", hash = "sha256:e48457f6830fb53aaaa6bf3bd63d50120c1bc1c94f207d988cc8071c122456e9"},
    {file = "kivy_deps.angle-0.3.3-cp311-cp311-win32.whl", hash = "sha256:fdc3de5ead670a8ee0bb411b603cabeaecf7fe277cf99cd70c9585cd964f19a2"},
    {file = "kivy_deps.angle-0.3.3-cp311-cp311-win_amd64.whl", hash = "sha256:c380fb602782e525deba1200cdc0fd3c03b6b3855edb283d76f68485a185061a"},
    {file = "kivy_deps.angle-0.3.3-cp37-cp37m-win32.whl", hash = "sha256:0fa32cc718b51b21745b6b7a055e6e171517f567b5900250c49539bae3d69806"},
    {file = "kivy_deps.angle-0.3.3-cp37-cp37m-win_amd64.whl", hash = "sha256:6336455e59f5b8dd4dd57caca2adf397a48726af8afc48384f4539dccb7b889c"},
    {file = "kivy_deps.angle-0.3.3-cp38-cp38-win32.whl", hash = "sha256:e3fd1168dd4090cc2ccf650abe209483c0794c5a454360c41b01633888afbba1"},
    {file = "kivy_deps.angle-0.3.3-cp38-cp38-win_amd64.whl", hash = "sha256:f044d7e6a9f839222e44f9ae0441ae25ff42e35a5c1b7d1ea9a4d0845dd57172"},
    {file = "kivy_deps.angle-0.3.3-cp39-cp39-win32.whl", hash = "sha256:00a4922a50a55f532722a4419eb394a7a8837d0f78620e2b47f33c6db45a4dc0"},
    {file = "kivy_deps.angle-0.3.3-cp39-cp39-win_amd64.whl", hash = "sha256:de6dbe3273e95a85f6f96c9f52cc0d29a1f92aa05fd10de886ba8c483021b532"},
]

[[package]]
name = "kivy-deps-glew"
version = "0.3.1"
description = "Repackaged binary dependency of Kivy."
optional = false
python-versions = "*"
files = [
    {file = "kivy_deps.glew-0.3.1-cp310-cp310-win32.whl", hash = "sha256:8f4b3ed15acb62474909b6d41661ffb4da9eb502bb5684301fb2da668f288a58"},
    {file = "kivy_deps.glew-0.3.1-cp310-cp310-win_amd64.whl", hash = "sha256:aef2d2a93f129d8425c75234e7f6cc0a34b59a4aee67f6d2cd7a5fdfa9915b53"},
    {file = "kivy_deps.glew-0.3.1-cp311-cp311-win32.whl", hash = "sha256:ee2f80ef7ac70f4b61c50da8101b024308a8c59a57f7f25a6e09762b6c48f942"},
    {file = "kivy_deps.glew-0.3.1-cp311-cp311-win_amd64.whl", hash = "sha256:22e155ec59ce717387f5d8804811206d200a023ba3d0bc9bbf1393ee28d0053e"},
    {file = "kivy_deps.glew-0.3.1-cp37-cp37m-win32.whl", hash = "sha256:5bf6a63fe9cc4fe7bbf280ec267ec8c47914020a1175fb22152525ff1837b436"},
    {file = "kivy_deps.glew-0.3.1-cp37-cp37m-win_amd64.whl", hash = "sha256:d64a8625799fab7a7efeb3661ef8779a7f9c6d80da53eed87a956320f55530fa"},
    {file = "kivy_deps.glew-0.3.1-cp38-cp38-win32.whl", hash = "sha256:00f4ae0a4682d951266458ddb639451edb24baa54a35215dce889209daf19a06"},
    {file = "kivy_deps.glew-0.3.1-cp38-cp38-win_amd64.whl", hash = "sha256:3f8b89dcf1846032d7a9c5ef88b0ee9cbd13366e9b4c85ada61e01549a910677"},
    {file = "kivy_deps.glew-0.3.1-cp39-cp39-win32.whl", hash = "sha256:4e377ed97670dfda619a1b63a82345a8589be90e7c616a458fba2810708810b1"},
    {file = "kivy_deps.glew-0.3.1-cp39-cp39-win_amd64.whl", hash = "sha256:081a09b92f7e7817f489f8b6b31c9c9623661378de1dce1d6b097af5e7d42b45"},
]

[[package]]
name = "kivy-deps-sdl2"
version = "0.6.0"
description = "Repackaged binary dependency of Kivy."
optional = false
python-versions = "*"
files = [
    {file = "kivy_deps.sdl2-0.6.0-cp310-cp310-win32.whl", hash = "sha256:12706ce376f258233386cff2e1d31163d2d97e34f23730d7a3b1f3931af4c78d"},
    {file = "kivy_deps.sdl2-0.6.0-cp310-cp310-win_amd64.whl", hash = "sha256:55e951f89b3e0ad9e703a0f1d3f68092f8beb71e3beebd91cffc0d13f9a06015"},
    {file = "kivy_deps.sdl2-0.6.0-cp311-cp311-win32.whl", hash = "sha256:f9c932badc868b948b65626884e4b6617373b7ce8260f4c1ac9de5979cdf30b3"},
    {file = "kivy_deps.sdl2-0.6.0-cp311-cp311-win_amd64.whl", hash = "sha256:155c2b2ae33550dee39db2343b4128036aa7e039483996763a208f82a4cb20a8"},
    {file = "kivy_deps.sdl2-0.6.0-cp37-cp37m-win32.whl", hash = "sha256:d3b66da88cc256369be9df19874e55752473f41bffbbbc1a0d146bb09618c5a1"},
    {file = "kivy_deps.sdl2-0.6.0-cp37-cp37m-win_amd64.whl", hash = "sha256:4d461e4eaa30d19b8e921b40e640efb991ec9b2047cab53c85d5c1d1a30cef4a"},
    {file = "kivy_deps.sdl2-0.6.0-cp38-cp38-win32.whl", hash = "sha256:f091c84144f612969e5474bdd2d6e46c6dd94834b621e79770e89b52572bd836"},
    {file = "kivy_deps.sdl2-0.6.0-cp38-cp38-win_amd64.whl", hash = "sha256:23e6aed2d1570d2a2ba4f93956d8a9fb8610d908391fe816568ceb3096a3808a"},
    {file = "kivy_deps.sdl2-0.6.0-cp39-cp39-win32.whl", hash = "sha256:78b151065b89bf8fd35694e9415e24f9bd8b4706cf0f439f2371183a6950d857"},
    {file = "kivy_deps.sdl2-0.6.0-cp39-cp39-win_amd64.whl", hash = "sha256:fc1f78d86021a2bf1d8e6107ad611cc8c0610f6faf76062ab39ffdf1de31baef"},
]

[[package]]
name = "kivy-garden"
version = "0.1.5"
description = ""
optional = false
python-versions = "*"
files = [
    {file = "Kivy Garden-0.1.5.tar.gz", hash = "sha256:2b8377378e87501d5d271f33d94f0e44c089884572c64f89c9d609b1f86a2748"},
    {file = "Kivy_Garden-0.1.5-py3-none-any.whl", hash = "sha256:ef50f44b96358cf10ac5665f27a4751bb34ef54051c54b93af891f80afe42929"},
]

[package.dependencies]
requests = "*"

[[package]]
name = "numpy"
version = "1.25.2"
description = "Fundamental package for array computing in Python"
optional = false
python-versions = ">=3.9"
files = [
    {file = "numpy-1.25.2-cp39-cp39-linux_armv6l.whl", hash = "sha256:4b0bf79e4c9ea416d3e7ddfd463263b7489c80e8fac9c94f3c9f11ee443210b7"},
    {file = "numpy-1.25.2-cp39-cp39-linux_armv7l.whl", hash = "sha256:4b0bf79e4c9ea416d3e7ddfd463263b7489c80e8fac9c94f3c9f11ee443210b7"},
]

[package.source]
type = "legacy"
url = "https://www.piwheels.org/simple"
reference = "piwheels"

[[package]]
name = "pyftdi"
version = "0.55.0"
description = "FTDI device driver (pure Python)"
optional = false
python-versions = ">=3.8"
files = [
    {file = "pyftdi-0.55.0-py3-none-any.whl", hash = "sha256:662770e70b3c26dd8832a63adc660836f6557808005dd2735182f0c5a6aaa449"},
]

[package.dependencies]
pyserial = ">=3.0"
pyusb = ">=1.0.0,<1.2.0 || >1.2.0"

[package.source]
type = "legacy"
url = "https://www.piwheels.org/simple"
reference = "piwheels"

[[package]]
name = "pygments"
version = "2.16.1"
description = "Pygments is a syntax highlighting package written in Python."
optional = false
python-versions = ">=3.7"
files = [
    {file = "Pygments-2.16.1-py3-none-any.whl", hash = "sha256:ca6616a95d7517ca5c636e9b865bcb47035881de11845ee5c8ba9f6cfbd39783"},
]

[package.extras]
plugins = ["importlib-metadata"]

[package.source]
type = "legacy"
url = "https://www.piwheels.org/simple"
reference = "piwheels"

[[package]]
name = "pyobjc-core"
version = "9.2"
description = "Python<->ObjC Interoperability Module"
optional = false
python-versions = ">=3.7"
files = [
    {file = "pyobjc-core-9.2.tar.gz", hash = "sha256:d734b9291fec91ff4e3ae38b9c6839debf02b79c07314476e87da8e90b2c68c3"},
    {file = "pyobjc_core-9.2-cp310-cp310-macosx_10_9_universal2.whl", hash = "sha256:fa674a39949f5cde8e5c7bbcd24496446bfc67592b028aedbec7f81dc5fc4daa"},
    {file = "pyobjc_core-9.2-cp311-cp311-macosx_10_9_universal2.whl", hash = "sha256:bbc8de304ee322a1ee530b4d2daca135a49b4a49aa3cedc6b2c26c43885f4842"},
    {file = "pyobjc_core-9.2-cp312-cp312-macosx_10_9_universal2.whl", hash = "sha256:0fa950f092673883b8bd28bc18397415cabb457bf410920762109b411789ade9"},
    {file = "pyobjc_core-9.2-cp37-cp37m-macosx_10_9_x86_64.whl", hash = "sha256:586e4cae966282eaa61b21cae66ccdcee9d69c036979def26eebdc08ddebe20f"},
    {file = "pyobjc_core-9.2-cp38-cp38-macosx_10_9_x86_64.whl", hash = "sha256:41189c2c680931c0395a55691763c481fc681f454f21bb4f1644f98c24a45954"},
    {file = "pyobjc_core-9.2-cp38-cp38-macosx_11_0_universal2.whl", hash = "sha256:2d23ee539f2ba5e9f5653d75a13f575c7e36586fc0086792739e69e4c2617eda"},
    {file = "pyobjc_core-9.2-cp39-cp39-macosx_10_9_universal2.whl", hash = "sha256:b9809cf96678797acb72a758f34932fe8e2602d5ab7abec15c5ac68ddb481720"},
]

[[package]]
name = "pyobjc-framework-cocoa"
version = "9.2"
description = "Wrappers for the Cocoa frameworks on macOS"
optional = false
python-versions = ">=3.7"
files = [
    {file = "pyobjc-framework-Cocoa-9.2.tar.gz", hash = "sha256:efd78080872d8c8de6c2b97e0e4eac99d6203a5d1637aa135d071d464eb2db53"},
    {file = "pyobjc_framework_Cocoa-9.2-cp310-cp310-macosx_10_9_universal2.whl", hash = "sha256:9e02d8a7cc4eb7685377c50ba4f17345701acf4c05b1e7480d421bff9e2f62a4"},
    {file = "pyobjc_framework_Cocoa-9.2-cp311-cp311-macosx_10_9_universal2.whl", hash = "sha256:3b1e6287b3149e4c6679cdbccd8e9ef6557a4e492a892e80a77df143f40026d2"},
    {file = "pyobjc_framework_Cocoa-9.2-cp312-cp312-macosx_10_9_universal2.whl", hash = "sha256:312977ce2e3989073c6b324c69ba24283de206fe7acd6dbbbaf3e29238a22537"},
    {file = "pyobjc_framework_Cocoa-9.2-cp37-cp37m-macosx_10_9_x86_64.whl", hash = "sha256:aae7841cf40c26dd915f4dd828f91c6616e6b7998630b72e704750c09e00f334"},
    {file = "pyobjc_framework_Cocoa-9.2-cp38-cp38-macosx_10_9_x86_64.whl", hash = "sha256:739a421e14382a46cbeb9a883f192dceff368ad28ec34d895c48c0ad34cf2c1d"},
    {file = "pyobjc_framework_Cocoa-9.2-cp38-cp38-macosx_11_0_universal2.whl", hash = "sha256:32d9ac1033fac1b821ddee8c68f972a7074ad8c50bec0bea9a719034c1c2fb94"},
    {file = "pyobjc_framework_Cocoa-9.2-cp39-cp39-macosx_10_9_universal2.whl", hash = "sha256:b236bb965e41aeb2e215d4e98a5a230d4b63252c6d26e00924ea2e69540a59d6"},
]

[package.dependencies]
pyobjc-core = ">=9.2"

[[package]]
name = "pypiwin32"
version = "223"
description = ""
optional = false
python-versions = "*"
files = [
    {file = "pypiwin32-223-py3-none-any.whl", hash = "sha256:67adf399debc1d5d14dffc1ab5acacb800da569754fafdc576b2a039485aa775"},
]

[package.dependencies]
pywin32 = ">=223"

[package.source]
type = "legacy"
url = "https://www.piwheels.org/simple"
reference = "piwheels"

[[package]]
name = "pyserial"
version = "3.5"
description = "Python Serial Port Extension"
optional = false
python-versions = "*"
files = [
    {file = "pyserial-3.5-py2.py3-none-any.whl", hash = "sha256:c4451db6ba391ca6ca299fb3ec7bae67a5c55dde170964c7a14ceefec02f2cf0"},
]

[package.extras]
cp2110 = ["hidapi"]

[package.source]
type = "legacy"
url = "https://www.piwheels.org/simple"
reference = "piwheels"

[[package]]
name = "pyusb"
version = "1.2.1"
description = "Python USB access module"
optional = false
python-versions = ">=3.6.0"
files = [
    {file = "pyusb-1.2.1-py3-none-any.whl", hash = "sha256:2b4c7cb86dbadf044dfb9d3a4ff69fd217013dbe78a792177a3feb172449ea36"},
]

[package.source]
type = "legacy"
url = "https://www.piwheels.org/simple"
reference = "piwheels"

[[package]]
name = "pywin32"
version = "306"
description = "Python for Window Extensions"
optional = false
python-versions = "*"
files = [
    {file = "pywin32-306-cp310-cp310-win32.whl", hash = "sha256:06d3420a5155ba65f0b72f2699b5bacf3109f36acbe8923765c22938a69dfc8d"},
    {file = "pywin32-306-cp310-cp310-win_amd64.whl", hash = "sha256:84f4471dbca1887ea3803d8848a1616429ac94a4a8d05f4bc9c5dcfd42ca99c8"},
    {file = "pywin32-306-cp311-cp311-win32.whl", hash = "sha256:e65028133d15b64d2ed8f06dd9fbc268352478d4f9289e69c190ecd6818b6407"},
    {file = "pywin32-306-cp311-cp311-win_amd64.whl", hash = "sha256:a7639f51c184c0272e93f244eb24dafca9b1855707d94c192d4a0b4c01e1100e"},
    {file = "pywin32-306-cp311-cp311-win_arm64.whl", hash = "sha256:70dba0c913d19f942a2db25217d9a1b726c278f483a919f1abfed79c9cf64d3a"},
    {file = "pywin32-306-cp312-cp312-win32.whl", hash = "sha256:383229d515657f4e3ed1343da8be101000562bf514591ff383ae940cad65458b"},
    {file = "pywin32-306-cp312-cp312-win_amd64.whl", hash = "sha256:37257794c1ad39ee9be652da0462dc2e394c8159dfd913a8a4e8eb6fd346da0e"},
    {file = "pywin32-306-cp312-cp312-win_arm64.whl", hash = "sha256:5821ec52f6d321aa59e2db7e0a35b997de60c201943557d108af9d4ae1ec7040"},
    {file = "pywin32-306-cp37-cp37m-win32.whl", hash = "sha256:1c73ea9a0d2283d889001998059f5eaaba3b6238f767c9cf2833b13e6a685f65"},
    {file = "pywin32-306-cp37-cp37m-win_amd64.whl", hash = "sha256:72c5f621542d7bdd4fdb716227be0dd3f8565c11b280be6315b06ace35487d36"},
    {file = "pywin32-306-cp38-cp38-win32.whl", hash = "sha256:e4c092e2589b5cf0d365849e73e02c391c1349958c5ac3e9d5ccb9a28e017b3a"},
    {file = "pywin32-306-cp38-cp38-win_amd64.whl", hash = "sha256:e8ac1ae3601bee6ca9f7cb4b5363bf1c0badb935ef243c4733ff9a393b1690c0"},
    {file = "pywin32-306-cp39-cp39-win32.whl", hash = "sha256:e25fd5b485b55ac9c057f67d94bc203f3f6595078d1fb3b458c9c28b7153a802"},
    {file = "pywin32-306-cp39-cp39-win_amd64.whl", hash = "sha256:39b61c15272833b5c329a2989999dcae836b1eed650252ab1b7bfbe1d59f30f4"},
]

[[package]]
name = "requests"
version = "2.31.0"
description = "Python HTTP for Humans."
optional = false
python-versions = ">=3.7"
files = [
    {file = "requests-2.31.0-py3-none-any.whl", hash = "sha256:471e7795897eff62a8e31f26f241e3e67ee80d1bd0f64236538a3dda8d3f1acc"},
]

[package.dependencies]
certifi = ">=2017.4.17"
charset-normalizer = ">=2,<4"
idna = ">=2.5,<4"
urllib3 = ">=1.21.1,<3"

[package.extras]
socks = ["PySocks (>=1.5.6,!=1.5.7)"]
use-chardet-on-py3 = ["chardet (>=3.0.2,<6)"]

[package.source]
type = "legacy"
url = "https://www.piwheels.org/simple"
reference = "piwheels"

[[package]]
name = "rpi-gpio"
version = "0.7.1"
description = "A module to control Raspberry Pi GPIO channels"
optional = false
python-versions = "*"
files = [
    {file = "RPi.GPIO-0.7.1-cp35-cp35m-linux_armv6l.whl", hash = "sha256:5073d1972727cfad38a1a42f02da91dc41f137679290aa804ab6c410168347ac"},
    {file = "RPi.GPIO-0.7.1-cp35-cp35m-linux_armv7l.whl", hash = "sha256:5073d1972727cfad38a1a42f02da91dc41f137679290aa804ab6c410168347ac"},
    {file = "RPi.GPIO-0.7.1-cp37-cp37m-linux_armv6l.whl", hash = "sha256:e5dfec2c4ccb7dbe9eef3dfc76a3b04121fc62d77fd8fbe1a8e841468a1b0c4c"},
    {file = "RPi.GPIO-0.7.1-cp37-cp37m-linux_armv7l.whl", hash = "sha256:e5dfec2c4ccb7dbe9eef3dfc76a3b04121fc62d77fd8fbe1a8e841468a1b0c4c"},
    {file = "RPi.GPIO-0.7.1-cp39-cp39-linux_armv6l.whl", hash = "sha256:231f6142c25975a7e39b96faf4905f05f97dba6809e8c5f0d58f284b35b4b821"},
    {file = "RPi.GPIO-0.7.1-cp39-cp39-linux_armv7l.whl", hash = "sha256:231f6142c25975a7e39b96faf4905f05f97dba6809e8c5f0d58f284b35b4b821"},
]

[package.source]
type = "legacy"
url = "https://www.piwheels.org/simple"
reference = "piwheels"

[[package]]
name = "rpi-ws281x"
version = "5.0.0"
description = "Userspace Raspberry Pi PWM/PCM/SPI library for SK6812 and WS281X LEDs."
optional = false
python-versions = ">=3.6"
files = [
    {file = "rpi_ws281x-5.0.0-cp37-cp37m-linux_armv6l.whl", hash = "sha256:2d9d8cb8f54bf68c1935a9b466aef8960f2e4aec4328057c0a9e59fc8eaad187"},
    {file = "rpi_ws281x-5.0.0-cp37-cp37m-linux_armv7l.whl", hash = "sha256:2d9d8cb8f54bf68c1935a9b466aef8960f2e4aec4328057c0a9e59fc8eaad187"},
    {file = "rpi_ws281x-5.0.0-cp39-cp39-linux_armv6l.whl", hash = "sha256:3c4af921dda22a393e42793e799823918e7d7a5bb71e50e885c22769ffa00c73"},
    {file = "rpi_ws281x-5.0.0-cp39-cp39-linux_armv7l.whl", hash = "sha256:3c4af921dda22a393e42793e799823918e7d7a5bb71e50e885c22769ffa00c73"},
]

[package.source]
type = "legacy"
url = "https://www.piwheels.org/simple"
reference = "piwheels"

[[package]]
name = "screeninfo"
version = "0.8.1"
description = "Fetch location and size of physical screens."
optional = false
python-versions = ">=3.6.2,<4.0.0"
files = [
    {file = "screeninfo-0.8.1-py3-none-any.whl", hash = "sha256:e97d6b173856edcfa3bd282f81deb528188aff14b11ec3e195584e7641be733c"},
    {file = "screeninfo-0.8.1.tar.gz", hash = "sha256:9983076bcc7e34402a1a9e4d7dabf3729411fd2abb3f3b4be7eba73519cd2ed1"},
]

[package.dependencies]
Cython = {version = "*", markers = "sys_platform == \"darwin\""}
pyobjc-framework-Cocoa = {version = "*", markers = "sys_platform == \"darwin\""}

[[package]]
name = "sysv-ipc"
version = "1.1.0"
description = "System V IPC primitives (semaphores, shared memory and message queues) for Python"
optional = false
python-versions = "*"
files = [
    {file = "sysv_ipc-1.1.0-cp37-cp37m-linux_armv6l.whl", hash = "sha256:3cc523ce39338200c0ad7735c48267a26735690977b4eb4879bd8e10b4e7a82d"},
    {file = "sysv_ipc-1.1.0-cp37-cp37m-linux_armv7l.whl", hash = "sha256:3cc523ce39338200c0ad7735c48267a26735690977b4eb4879bd8e10b4e7a82d"},
    {file = "sysv_ipc-1.1.0-cp39-cp39-linux_armv6l.whl", hash = "sha256:0ef1f4360d0c4e353f63d43743911c060881ebf920c95ec8adfa4fcbf58955da"},
    {file = "sysv_ipc-1.1.0-cp39-cp39-linux_armv7l.whl", hash = "sha256:0ef1f4360d0c4e353f63d43743911c060881ebf920c95ec8adfa4fcbf58955da"},
]

[package.source]
type = "legacy"
url = "https://www.piwheels.org/simple"
reference = "piwheels"

[[package]]
name = "typing-extensions"
version = "4.7.1"
description = "Backported and Experimental Type Hints for Python 3.7+"
optional = false
python-versions = ">=3.7"
files = [
    {file = "typing_extensions-4.7.1-py3-none-any.whl", hash = "sha256:cabd4dcc82c306fe7dc7f141b7b8b83999c16f80701079e8a2431d05070580b9"},
]

[package.source]
type = "legacy"
url = "https://www.piwheels.org/simple"
reference = "piwheels"

[[package]]
name = "urllib3"
version = "2.0.4"
description = "HTTP library with thread-safe connection pooling, file post, and more."
optional = false
python-versions = ">=3.7"
files = [
    {file = "urllib3-2.0.4-py3-none-any.whl", hash = "sha256:b256d3c847397b76eca8a1d69f326d7d77a77803a19745b535cd205cd2eca229"},
]

[package.extras]
brotli = ["brotli (>=1.0.9)", "brotlicffi (>=0.8.0)"]
secure = ["certifi", "cryptography (>=1.9)", "idna (>=2.0.0)", "pyopenssl (>=17.1.0)", "urllib3-secure-extra"]
socks = ["pysocks (>=1.5.6,!=1.5.7,<2.0)"]
zstd = ["zstandard (>=0.18.0)"]

[package.source]
type = "legacy"
url = "https://www.piwheels.org/simple"
reference = "piwheels"

[[package]]
name = "watchdog"
version = "3.0.0"
description = "Filesystem events monitoring"
optional = false
python-versions = ">=3.7"
files = [
    {file = "watchdog-3.0.0-cp310-cp310-macosx_10_9_universal2.whl", hash = "sha256:336adfc6f5cc4e037d52db31194f7581ff744b67382eb6021c868322e32eef41"},
    {file = "watchdog-3.0.0-cp310-cp310-macosx_10_9_x86_64.whl", hash = "sha256:a70a8dcde91be523c35b2bf96196edc5730edb347e374c7de7cd20c43ed95397"},
    {file = "watchdog-3.0.0-cp310-cp310-macosx_11_0_arm64.whl", hash = "sha256:adfdeab2da79ea2f76f87eb42a3ab1966a5313e5a69a0213a3cc06ef692b0e96"},
    {file = "watchdog-3.0.0-cp311-cp311-macosx_10_9_universal2.whl", hash = "sha256:2b57a1e730af3156d13b7fdddfc23dea6487fceca29fc75c5a868beed29177ae"},
    {file = "watchdog-3.0.0-cp311-cp311-macosx_10_9_x86_64.whl", hash = "sha256:7ade88d0d778b1b222adebcc0927428f883db07017618a5e684fd03b83342bd9"},
    {file = "watchdog-3.0.0-cp311-cp311-macosx_11_0_arm64.whl", hash = "sha256:7e447d172af52ad204d19982739aa2346245cc5ba6f579d16dac4bfec226d2e7"},
    {file = "watchdog-3.0.0-cp37-cp37m-macosx_10_9_x86_64.whl", hash = "sha256:9fac43a7466eb73e64a9940ac9ed6369baa39b3bf221ae23493a9ec4d0022674"},
    {file = "watchdog-3.0.0-cp38-cp38-macosx_10_9_universal2.whl", hash = "sha256:8ae9cda41fa114e28faf86cb137d751a17ffd0316d1c34ccf2235e8a84365c7f"},
    {file = "watchdog-3.0.0-cp38-cp38-macosx_10_9_x86_64.whl", hash = "sha256:25f70b4aa53bd743729c7475d7ec41093a580528b100e9a8c5b5efe8899592fc"},
    {file = "watchdog-3.0.0-cp38-cp38-macosx_11_0_arm64.whl", hash = "sha256:4f94069eb16657d2c6faada4624c39464f65c05606af50bb7902e036e3219be3"},
    {file = "watchdog-3.0.0-cp39-cp39-macosx_10_9_universal2.whl", hash = "sha256:7c5f84b5194c24dd573fa6472685b2a27cc5a17fe5f7b6fd40345378ca6812e3"},
    {file = "watchdog-3.0.0-cp39-cp39-macosx_10_9_x86_64.whl", hash = "sha256:3aa7f6a12e831ddfe78cdd4f8996af9cf334fd6346531b16cec61c3b3c0d8da0"},
    {file = "watchdog-3.0.0-cp39-cp39-macosx_11_0_arm64.whl", hash = "sha256:233b5817932685d39a7896b1090353fc8efc1ef99c9c054e46c8002561252fb8"},
    {file = "watchdog-3.0.0-pp37-pypy37_pp73-macosx_10_9_x86_64.whl", hash = "sha256:13bbbb462ee42ec3c5723e1205be8ced776f05b100e4737518c67c8325cf6100"},
    {file = "watchdog-3.0.0-pp38-pypy38_pp73-macosx_10_9_x86_64.whl", hash = "sha256:8f3ceecd20d71067c7fd4c9e832d4e22584318983cabc013dbf3f70ea95de346"},
    {file = "watchdog-3.0.0-pp39-pypy39_pp73-macosx_10_9_x86_64.whl", hash = "sha256:c9d8c8ec7efb887333cf71e328e39cffbf771d8f8f95d308ea4125bf5f90ba64"},
    {file = "watchdog-3.0.0-py3-none-manylinux2014_aarch64.whl", hash = "sha256:0e06ab8858a76e1219e68c7573dfeba9dd1c0219476c5a44d5333b01d7e1743a"},
    {file = "watchdog-3.0.0-py3-none-manylinux2014_armv7l.whl", hash = "sha256:d00e6be486affb5781468457b21a6cbe848c33ef43f9ea4a73b4882e5f188a44"},
    {file = "watchdog-3.0.0-py3-none-manylinux2014_i686.whl", hash = "sha256:c07253088265c363d1ddf4b3cdb808d59a0468ecd017770ed716991620b8f77a"},
    {file = "watchdog-3.0.0-py3-none-manylinux2014_ppc64.whl", hash = "sha256:5113334cf8cf0ac8cd45e1f8309a603291b614191c9add34d33075727a967709"},
    {file = "watchdog-3.0.0-py3-none-manylinux2014_ppc64le.whl", hash = "sha256:51f90f73b4697bac9c9a78394c3acbbd331ccd3655c11be1a15ae6fe289a8c83"},
    {file = "watchdog-3.0.0-py3-none-manylinux2014_s390x.whl", hash = "sha256:ba07e92756c97e3aca0912b5cbc4e5ad802f4557212788e72a72a47ff376950d"},
    {file = "watchdog-3.0.0-py3-none-manylinux2014_x86_64.whl", hash = "sha256:d429c2430c93b7903914e4db9a966c7f2b068dd2ebdd2fa9b9ce094c7d459f33"},
    {file = "watchdog-3.0.0-py3-none-win32.whl", hash = "sha256:3ed7c71a9dccfe838c2f0b6314ed0d9b22e77d268c67e015450a29036a81f60f"},
    {file = "watchdog-3.0.0-py3-none-win_amd64.whl", hash = "sha256:4c9956d27be0bb08fc5f30d9d0179a855436e655f046d288e2bcc11adfae893c"},
    {file = "watchdog-3.0.0-py3-none-win_ia64.whl", hash = "sha256:5d9f3a10e02d7371cd929b5d8f11e87d4bad890212ed3901f9b4d68767bee759"},
    {file = "watchdog-3.0.0.tar.gz", hash = "sha256:4d98a320595da7a7c5a18fc48cb633c2e73cda78f93cac2ef42d42bf609a33f9"},
]

[package.extras]
watchmedo = ["PyYAML (>=3.10)"]

[metadata]
lock-version = "2.0"
python-versions = "^3.9"
content-hash = "2cf2b33cf48fb0753fb7de007e34ab0be8443b3cad734e19fcb7355ba432734b"
